
Microsoft Visual Studio Solution File, Format Version 12.00
# Visual Studio Version 16
VisualStudioVersion = 16.0.30907.101
MinimumVisualStudioVersion = 10.0.40219.1
Project("{FAE04EC0-301F-11D3-BF4B-00C04F79EFBC}") = "Console'sGame", "Console'sGame\Console'sGame.csproj", "{CA05D022-3E26-4208-8EFF-4A76F3A06969}"
EndProject
Global
	GlobalSection(SolutionConfigurationPlatforms) = preSolution
		Debug|Any CPU = Debug|Any CPU
		Release|Any CPU = Release|Any CPU
	EndGlobalSection
	GlobalSection(ProjectConfigurationPlatforms) = postSolution
		{CA05D022-3E26-4208-8EFF-4A76F3A06969}.Debug|Any CPU.ActiveCfg = Debug|Any CPU
		{CA05D022-3E26-4208-8EFF-4A76F3A06969}.Debug|Any CPU.Build.0 = Debug|Any CPU
		{CA05D022-3E26-4208-8EFF-4A76F3A06969}.Release|Any CPU.ActiveCfg = Release|Any CPU
		{CA05D022-3E26-4208-8EFF-4A76F3A06969}.Release|Any CPU.Build.0 = Release|Any CPU
	EndGlobalSection
	GlobalSection(SolutionProperties) = preSolution
		HideSolutionNode = FALSE
	EndGlobalSection
	GlobalSection(ExtensibilityGlobals) = postSolution
		SolutionGuid = {F7107A90-C545-4002-9749-EFACE814C879}
	EndGlobalSection
EndGlobal
